
Microsoft Visual Studio Solution File, Format Version 12.00
# Visual Studio Version 17
VisualStudioVersion = 17.8.34525.116
MinimumVisualStudioVersion = 10.0.40219.1
Project("{FAE04EC0-301F-11D3-BF4B-00C04F79EFBC}") = "Tamagochi AM", "Tamagochi AM\Tamagochi AM.csproj", "{B0E1ADCB-E9D2-45E0-A70A-56FE156F2F37}"
EndProject
Global
	GlobalSection(SolutionConfigurationPlatforms) = preSolution
		Debug|Any CPU = Debug|Any CPU
		Release|Any CPU = Release|Any CPU
	EndGlobalSection
	GlobalSection(ProjectConfigurationPlatforms) = postSolution
		{B0E1ADCB-E9D2-45E0-A70A-56FE156F2F37}.Debug|Any CPU.ActiveCfg = Debug|Any CPU
		{B0E1ADCB-E9D2-45E0-A70A-56FE156F2F37}.Debug|Any CPU.Build.0 = Debug|Any CPU
		{B0E1ADCB-E9D2-45E0-A70A-56FE156F2F37}.Release|Any CPU.ActiveCfg = Release|Any CPU
		{B0E1ADCB-E9D2-45E0-A70A-56FE156F2F37}.Release|Any CPU.Build.0 = Release|Any CPU
	EndGlobalSection
	GlobalSection(SolutionProperties) = preSolution
		HideSolutionNode = FALSE
	EndGlobalSection
	GlobalSection(ExtensibilityGlobals) = postSolution
		SolutionGuid = {1C4FEC63-8E65-438A-B7CE-5F94D369C2FC}
	EndGlobalSection
EndGlobal
